
Microsoft Visual Studio Solution File, Format Version 12.00
Project("{FAE04EC0-301F-11D3-BF4B-00C04F79EFBC}") = "Module3HW4", "Module3HW4\Module3HW4.csproj", "{F2C65720-1E29-44D8-BFF6-AC2C5246CBFE}"
EndProject
Global
	GlobalSection(SolutionConfigurationPlatforms) = preSolution
		Debug|Any CPU = Debug|Any CPU
		Release|Any CPU = Release|Any CPU
	EndGlobalSection
	GlobalSection(ProjectConfigurationPlatforms) = postSolution
		{F2C65720-1E29-44D8-BFF6-AC2C5246CBFE}.Debug|Any CPU.ActiveCfg = Debug|Any CPU
		{F2C65720-1E29-44D8-BFF6-AC2C5246CBFE}.Debug|Any CPU.Build.0 = Debug|Any CPU
		{F2C65720-1E29-44D8-BFF6-AC2C5246CBFE}.Release|Any CPU.ActiveCfg = Release|Any CPU
		{F2C65720-1E29-44D8-BFF6-AC2C5246CBFE}.Release|Any CPU.Build.0 = Release|Any CPU
	EndGlobalSection
EndGlobal
