
Microsoft Visual Studio Solution File, Format Version 12.00
Project("{FAE04EC0-301F-11D3-BF4B-00C04F79EFBC}") = "module3hw5", "module3hw5\module3hw5.csproj", "{9F1C8BB8-D7DD-49EE-853D-5D8F09696722}"
EndProject
Global
	GlobalSection(SolutionConfigurationPlatforms) = preSolution
		Debug|Any CPU = Debug|Any CPU
		Release|Any CPU = Release|Any CPU
	EndGlobalSection
	GlobalSection(ProjectConfigurationPlatforms) = postSolution
		{9F1C8BB8-D7DD-49EE-853D-5D8F09696722}.Debug|Any CPU.ActiveCfg = Debug|Any CPU
		{9F1C8BB8-D7DD-49EE-853D-5D8F09696722}.Debug|Any CPU.Build.0 = Debug|Any CPU
		{9F1C8BB8-D7DD-49EE-853D-5D8F09696722}.Release|Any CPU.ActiveCfg = Release|Any CPU
		{9F1C8BB8-D7DD-49EE-853D-5D8F09696722}.Release|Any CPU.Build.0 = Release|Any CPU
	EndGlobalSection
EndGlobal
